
Microsoft Visual Studio Solution File, Format Version 12.00
# Visual Studio Version 17
VisualStudioVersion = 17.3.32804.467
MinimumVisualStudioVersion = 10.0.40219.1
Project("{FAE04EC0-301F-11D3-BF4B-00C04F79EFBC}") = "NetCoreOData.API", "NetCoreOData.API\NetCoreOData.API.csproj", "{3C1AE1E6-BF6B-4C40-8C21-15C24A4B36AA}"
EndProject
Global
	GlobalSection(SolutionConfigurationPlatforms) = preSolution
		Debug|Any CPU = Debug|Any CPU
		Release|Any CPU = Release|Any CPU
	EndGlobalSection
	GlobalSection(ProjectConfigurationPlatforms) = postSolution
		{3C1AE1E6-BF6B-4C40-8C21-15C24A4B36AA}.Debug|Any CPU.ActiveCfg = Debug|Any CPU
		{3C1AE1E6-BF6B-4C40-8C21-15C24A4B36AA}.Debug|Any CPU.Build.0 = Debug|Any CPU
		{3C1AE1E6-BF6B-4C40-8C21-15C24A4B36AA}.Release|Any CPU.ActiveCfg = Release|Any CPU
		{3C1AE1E6-BF6B-4C40-8C21-15C24A4B36AA}.Release|Any CPU.Build.0 = Release|Any CPU
	EndGlobalSection
	GlobalSection(SolutionProperties) = preSolution
		HideSolutionNode = FALSE
	EndGlobalSection
	GlobalSection(ExtensibilityGlobals) = postSolution
		SolutionGuid = {96780821-C010-45C2-A16A-C2380FA64CE0}
	EndGlobalSection
EndGlobal
